
Microsoft Visual Studio Solution File, Format Version 12.00
# Visual Studio Version 16
VisualStudioVersion = 16.0.32901.82
MinimumVisualStudioVersion = 10.0.40219.1
Project("{FAE04EC0-301F-11D3-BF4B-00C04F79EFBC}") = "Pictures", "Pictures.csproj", "{09BC3D67-0B8C-44DE-AD3F-7511E9619ABB}"
EndProject
Global
	GlobalSection(SolutionConfigurationPlatforms) = preSolution
		Debug|Any CPU = Debug|Any CPU
		Release|Any CPU = Release|Any CPU
	EndGlobalSection
	GlobalSection(ProjectConfigurationPlatforms) = postSolution
		{09BC3D67-0B8C-44DE-AD3F-7511E9619ABB}.Debug|Any CPU.ActiveCfg = Debug|Any CPU
		{09BC3D67-0B8C-44DE-AD3F-7511E9619ABB}.Debug|Any CPU.Build.0 = Debug|Any CPU
		{09BC3D67-0B8C-44DE-AD3F-7511E9619ABB}.Release|Any CPU.ActiveCfg = Release|Any CPU
		{09BC3D67-0B8C-44DE-AD3F-7511E9619ABB}.Release|Any CPU.Build.0 = Release|Any CPU
	EndGlobalSection
	GlobalSection(SolutionProperties) = preSolution
		HideSolutionNode = FALSE
	EndGlobalSection
	GlobalSection(ExtensibilityGlobals) = postSolution
		SolutionGuid = {60AAA92B-C90C-471B-A682-71F360040843}
	EndGlobalSection
EndGlobal
